// !$*UTF8*$!
{
	archiveVersion = 1;
	classes = {
	};
	objectVersion = 48;
	objects = {

/* Begin PBXBuildFile section */
		49CC4112204581C6000C1059 /* AppDelegate.swift in Sources */ = {isa = PBXBuildFile; fileRef = 49CC4111204581C6000C1059 /* AppDelegate.swift */; };
		49CC4114204581C6000C1059 /* ViewController.swift in Sources */ = {isa = PBXBuildFile; fileRef = 49CC4113204581C6000C1059 /* ViewController.swift */; };
		49CC4117204581C6000C1059 /* Main.storyboard in Resources */ = {isa = PBXBuildFile; fileRef = 49CC4115204581C6000C1059 /* Main.storyboard */; };
		49CC4119204581C6000C1059 /* Assets.xcassets in Resources */ = {isa = PBXBuildFile; fileRef = 49CC4118204581C6000C1059 /* Assets.xcassets */; };
		49CC411C204581C6000C1059 /* LaunchScreen.storyboard in Resources */ = {isa = PBXBuildFile; fileRef = 49CC411A204581C6000C1059 /* LaunchScreen.storyboard */; };
		49CC4127204581C6000C1059 /* AddressLookupMultiViewTests.swift in Sources */ = {isa = PBXBuildFile; fileRef = 49CC4126204581C6000C1059 /* AddressLookupMultiViewTests.swift */; };
		49CC4132204581C6000C1059 /* AddressLookupMultiViewUITests.swift in Sources */ = {isa = PBXBuildFile; fileRef = 49CC4131204581C6000C1059 /* AddressLookupMultiViewUITests.swift */; };
/* End PBXBuildFile section */

/* Begin PBXContainerItemProxy section */
		49CC4123204581C6000C1059 /* PBXContainerItemProxy */ = {
			isa = PBXContainerItemProxy;
			containerPortal = 49CC4106204581C6000C1059 /* Project object */;
			proxyType = 1;
			remoteGlobalIDString = 49CC410D204581C6000C1059;
			remoteInfo = AddressLookupMultiView;
		};
		49CC412E204581C6000C1059 /* PBXContainerItemProxy */ = {
			isa = PBXContainerItemProxy;
			containerPortal = 49CC4106204581C6000C1059 /* Project object */;
			proxyType = 1;
			remoteGlobalIDString = 49CC410D204581C6000C1059;
			remoteInfo = AddressLookupMultiView;
		};
/* End PBXContainerItemProxy section */

/* Begin PBXFileReference section */
		49CC410E204581C6000C1059 /* AddressLookupMultiView.app */ = {isa = PBXFileReference; explicitFileType = wrapper.application; includeInIndex = 0; path = AddressLookupMultiView.app; sourceTree = BUILT_PRODUCTS_DIR; };
		49CC4111204581C6000C1059 /* AppDelegate.swift */ = {isa = PBXFileReference; lastKnownFileType = sourcecode.swift; path = AppDelegate.swift; sourceTree = "<group>"; };
		49CC4113204581C6000C1059 /* ViewController.swift */ = {isa = PBXFileReference; lastKnownFileType = sourcecode.swift; path = ViewController.swift; sourceTree = "<group>"; };
		49CC4116204581C6000C1059 /* Base */ = {isa = PBXFileReference; lastKnownFileType = file.storyboard; name = Base; path = Base.lproj/Main.storyboard; sourceTree = "<group>"; };
		49CC4118204581C6000C1059 /* Assets.xcassets */ = {isa = PBXFileReference; lastKnownFileType = folder.assetcatalog; path = Assets.xcassets; sourceTree = "<group>"; };
		49CC411B204581C6000C1059 /* Base */ = {isa = PBXFileReference; lastKnownFileType = file.storyboard; name = Base; path = Base.lproj/LaunchScreen.storyboard; sourceTree = "<group>"; };
		49CC411D204581C6000C1059 /* Info.plist */ = {isa = PBXFileReference; lastKnownFileType = text.plist.xml; path = Info.plist; sourceTree = "<group>"; };
		49CC4122204581C6000C1059 /* AddressLookupMultiViewTests.xctest */ = {isa = PBXFileReference; explicitFileType = wrapper.cfbundle; includeInIndex = 0; path = AddressLookupMultiViewTests.xctest; sourceTree = BUILT_PRODUCTS_DIR; };
		49CC4126204581C6000C1059 /* AddressLookupMultiViewTests.swift */ = {isa = PBXFileReference; lastKnownFileType = sourcecode.swift; path = AddressLookupMultiViewTests.swift; sourceTree = "<group>"; };
		49CC4128204581C6000C1059 /* Info.plist */ = {isa = PBXFileReference; lastKnownFileType = text.plist.xml; path = Info.plist; sourceTree = "<group>"; };
		49CC412D204581C6000C1059 /* AddressLookupMultiViewUITests.xctest */ = {isa = PBXFileReference; explicitFileType = wrapper.cfbundle; includeInIndex = 0; path = AddressLookupMultiViewUITests.xctest; sourceTree = BUILT_PRODUCTS_DIR; };
		49CC4131204581C6000C1059 /* AddressLookupMultiViewUITests.swift */ = {isa = PBXFileReference; lastKnownFileType = sourcecode.swift; path = AddressLookupMultiViewUITests.swift; sourceTree = "<group>"; };
		49CC4133204581C6000C1059 /* Info.plist */ = {isa = PBXFileReference; lastKnownFileType = text.plist.xml; path = Info.plist; sourceTree = "<group>"; };
/* End PBXFileReference section */

/* Begin PBXFrameworksBuildPhase section */
		49CC410B204581C6000C1059 /* Frameworks */ = {
			isa = PBXFrameworksBuildPhase;
			buildActionMask = 2147483647;
			files = (
			);
			runOnlyForDeploymentPostprocessing = 0;
		};
		49CC411F204581C6000C1059 /* Frameworks */ = {
			isa = PBXFrameworksBuildPhase;
			buildActionMask = 2147483647;
			files = (
			);
			runOnlyForDeploymentPostprocessing = 0;
		};
		49CC412A204581C6000C1059 /* Frameworks */ = {
			isa = PBXFrameworksBuildPhase;
			buildActionMask = 2147483647;
			files = (
			);
			runOnlyForDeploymentPostprocessing = 0;
		};
/* End PBXFrameworksBuildPhase section */

/* Begin PBXGroup section */
		49CC4105204581C6000C1059 = {
			isa = PBXGroup;
			children = (
				49CC4110204581C6000C1059 /* AddressLookupMultiView */,
				49CC4125204581C6000C1059 /* AddressLookupMultiViewTests */,
				49CC4130204581C6000C1059 /* AddressLookupMultiViewUITests */,
				49CC410F204581C6000C1059 /* Products */,
			);
			sourceTree = "<group>";
		};
		49CC410F204581C6000C1059 /* Products */ = {
			isa = PBXGroup;
			children = (
				49CC410E204581C6000C1059 /* AddressLookupMultiView.app */,
				49CC4122204581C6000C1059 /* AddressLookupMultiViewTests.xctest */,
				49CC412D204581C6000C1059 /* AddressLookupMultiViewUITests.xctest */,
			);
			name = Products;
			sourceTree = "<group>";
		};
		49CC4110204581C6000C1059 /* AddressLookupMultiView */ = {
			isa = PBXGroup;
			children = (
				49CC4111204581C6000C1059 /* AppDelegate.swift */,
				49CC4113204581C6000C1059 /* ViewController.swift */,
				49CC4115204581C6000C1059 /* Main.storyboard */,
				49CC4118204581C6000C1059 /* Assets.xcassets */,
				49CC411A204581C6000C1059 /* LaunchScreen.storyboard */,
				49CC411D204581C6000C1059 /* Info.plist */,
			);
			path = AddressLookupMultiView;
			sourceTree = "<group>";
		};
		49CC4125204581C6000C1059 /* AddressLookupMultiViewTests */ = {
			isa = PBXGroup;
			children = (
				49CC4126204581C6000C1059 /* AddressLookupMultiViewTests.swift */,
				49CC4128204581C6000C1059 /* Info.plist */,
			);
			path = AddressLookupMultiViewTests;
			sourceTree = "<group>";
		};
		49CC4130204581C6000C1059 /* AddressLookupMultiViewUITests */ = {
			isa = PBXGroup;
			children = (
				49CC4131204581C6000C1059 /* AddressLookupMultiViewUITests.swift */,
				49CC4133204581C6000C1059 /* Info.plist */,
			);
			path = AddressLookupMultiViewUITests;
			sourceTree = "<group>";
		};
/* End PBXGroup section */

/* Begin PBXNativeTarget section */
		49CC410D204581C6000C1059 /* AddressLookupMultiView */ = {
			isa = PBXNativeTarget;
			buildConfigurationList = 49CC4136204581C6000C1059 /* Build configuration list for PBXNativeTarget "AddressLookupMultiView" */;
			buildPhases = (
				49CC410A204581C6000C1059 /* Sources */,
				49CC410B204581C6000C1059 /* Frameworks */,
				49CC410C204581C6000C1059 /* Resources */,
			);
			buildRules = (
			);
			dependencies = (
			);
			name = AddressLookupMultiView;
			productName = AddressLookupMultiView;
			productReference = 49CC410E204581C6000C1059 /* AddressLookupMultiView.app */;
			productType = "com.apple.product-type.application";
		};
		49CC4121204581C6000C1059 /* AddressLookupMultiViewTests */ = {
			isa = PBXNativeTarget;
			buildConfigurationList = 49CC4139204581C6000C1059 /* Build configuration list for PBXNativeTarget "AddressLookupMultiViewTests" */;
			buildPhases = (
				49CC411E204581C6000C1059 /* Sources */,
				49CC411F204581C6000C1059 /* Frameworks */,
				49CC4120204581C6000C1059 /* Resources */,
			);
			buildRules = (
			);
			dependencies = (
				49CC4124204581C6000C1059 /* PBXTargetDependency */,
			);
			name = AddressLookupMultiViewTests;
			productName = AddressLookupMultiViewTests;
			productReference = 49CC4122204581C6000C1059 /* AddressLookupMultiViewTests.xctest */;
			productType = "com.apple.product-type.bundle.unit-test";
		};
		49CC412C204581C6000C1059 /* AddressLookupMultiViewUITests */ = {
			isa = PBXNativeTarget;
			buildConfigurationList = 49CC413C204581C6000C1059 /* Build configuration list for PBXNativeTarget "AddressLookupMultiViewUITests" */;
			buildPhases = (
				49CC4129204581C6000C1059 /* Sources */,
				49CC412A204581C6000C1059 /* Frameworks */,
				49CC412B204581C6000C1059 /* Resources */,
			);
			buildRules = (
			);
			dependencies = (
				49CC412F204581C6000C1059 /* PBXTargetDependency */,
			);
			name = AddressLookupMultiViewUITests;
			productName = AddressLookupMultiViewUITests;
			productReference = 49CC412D204581C6000C1059 /* AddressLookupMultiViewUITests.xctest */;
			productType = "com.apple.product-type.bundle.ui-testing";
		};
/* End PBXNativeTarget section */

/* Begin PBXProject section */
		49CC4106204581C6000C1059 /* Project object */ = {
			isa = PBXProject;
			attributes = {
				LastSwiftUpdateCheck = 0920;
				LastUpgradeCheck = 0920;
				ORGANIZATIONNAME = "Stephen Keable";
				TargetAttributes = {
					49CC410D204581C6000C1059 = {
						CreatedOnToolsVersion = 9.2;
						ProvisioningStyle = Automatic;
					};
					49CC4121204581C6000C1059 = {
						CreatedOnToolsVersion = 9.2;
						ProvisioningStyle = Automatic;
						TestTargetID = 49CC410D204581C6000C1059;
					};
					49CC412C204581C6000C1059 = {
						CreatedOnToolsVersion = 9.2;
						ProvisioningStyle = Automatic;
						TestTargetID = 49CC410D204581C6000C1059;
					};
				};
			};
			buildConfigurationList = 49CC4109204581C6000C1059 /* Build configuration list for PBXProject "AddressLookupMultiView" */;
			compatibilityVersion = "Xcode 8.0";
			developmentRegion = en;
			hasScannedForEncodings = 0;
			knownRegions = (
				en,
				Base,
			);
			mainGroup = 49CC4105204581C6000C1059;
			productRefGroup = 49CC410F204581C6000C1059 /* Products */;
			projectDirPath = "";
			projectRoot = "";
			targets = (
				49CC410D204581C6000C1059 /* AddressLookupMultiView */,
				49CC4121204581C6000C1059 /* AddressLookupMultiViewTests */,
				49CC412C204581C6000C1059 /* AddressLookupMultiViewUITests */,
			);
		};
/* End PBXProject section */

/* Begin PBXResourcesBuildPhase section */
		49CC410C204581C6000C1059 /* Resources */ = {
			isa = PBXResourcesBuildPhase;
			buildActionMask = 2147483647;
			files = (
				49CC411C204581C6000C1059 /* LaunchScreen.storyboard in Resources */,
				49CC4119204581C6000C1059 /* Assets.xcassets in Resources */,
				49CC4117204581C6000C1059 /* Main.storyboard in Resources */,
			);
			runOnlyForDeploymentPostprocessing = 0;
		};
		49CC4120204581C6000C1059 /* Resources */ = {
			isa = PBXResourcesBuildPhase;
			buildActionMask = 2147483647;
			files = (
			);
			runOnlyForDeploymentPostprocessing = 0;
		};
		49CC412B204581C6000C1059 /* Resources */ = {
			isa = PBXResourcesBuildPhase;
			buildActionMask = 2147483647;
			files = (
			);
			runOnlyForDeploymentPostprocessing = 0;
		};
/* End PBXResourcesBuildPhase section */

/* Begin PBXSourcesBuildPhase section */
		49CC410A204581C6000C1059 /* Sources */ = {
			isa = PBXSourcesBuildPhase;
			buildActionMask = 2147483647;
			files = (
				49CC4114204581C6000C1059 /* ViewController.swift in Sources */,
				49CC4112204581C6000C1059 /* AppDelegate.swift in Sources */,
			);
			runOnlyForDeploymentPostprocessing = 0;
		};
		49CC411E204581C6000C1059 /* Sources */ = {
			isa = PBXSourcesBuildPhase;
			buildActionMask = 2147483647;
			files = (
				49CC4127204581C6000C1059 /* AddressLookupMultiViewTests.swift in Sources */,
			);
			runOnlyForDeploymentPostprocessing = 0;
		};
		49CC4129204581C6000C1059 /* Sources */ = {
			isa = PBXSourcesBuildPhase;
			buildActionMask = 2147483647;
			files = (
				49CC4132204581C6000C1059 /* AddressLookupMultiViewUITests.swift in Sources */,
			);
			runOnlyForDeploymentPostprocessing = 0;
		};
/* End PBXSourcesBuildPhase section */

/* Begin PBXTargetDependency section */
		49CC4124204581C6000C1059 /* PBXTargetDependency */ = {
			isa = PBXTargetDependency;
			target = 49CC410D204581C6000C1059 /* AddressLookupMultiView */;
			targetProxy = 49CC4123204581C6000C1059 /* PBXContainerItemProxy */;
		};
		49CC412F204581C6000C1059 /* PBXTargetDependency */ = {
			isa = PBXTargetDependency;
			target = 49CC410D204581C6000C1059 /* AddressLookupMultiView */;
			targetProxy = 49CC412E204581C6000C1059 /* PBXContainerItemProxy */;
		};
/* End PBXTargetDependency section */

/* Begin PBXVariantGroup section */
		49CC4115204581C6000C1059 /* Main.storyboard */ = {
			isa = PBXVariantGroup;
			children = (
				49CC4116204581C6000C1059 /* Base */,
			);
			name = Main.storyboard;
			sourceTree = "<group>";
		};
		49CC411A204581C6000C1059 /* LaunchScreen.storyboard */ = {
			isa = PBXVariantGroup;
			children = (
				49CC411B204581C6000C1059 /* Base */,
			);
			name = LaunchScreen.storyboard;
			sourceTree = "<group>";
		};
/* End PBXVariantGroup section */

/* Begin XCBuildConfiguration section */
		49CC4134204581C6000C1059 /* Debug */ = {
			isa = XCBuildConfiguration;
			buildSettings = {
				ALWAYS_SEARCH_USER_PATHS = NO;
				CLANG_ANALYZER_NONNULL = YES;
				CLANG_ANALYZER_NUMBER_OBJECT_CONVERSION = YES_AGGRESSIVE;
				CLANG_CXX_LANGUAGE_STANDARD = "gnu++14";
				CLANG_CXX_LIBRARY = "libc++";
				CLANG_ENABLE_MODULES = YES;
				CLANG_ENABLE_OBJC_ARC = YES;
				CLANG_WARN_BLOCK_CAPTURE_AUTORELEASING = YES;
				CLANG_WARN_BOOL_CONVERSION = YES;
				CLANG_WARN_COMMA = YES;
				CLANG_WARN_CONSTANT_CONVERSION = YES;
				CLANG_WARN_DIRECT_OBJC_ISA_USAGE = YES_ERROR;
				CLANG_WARN_DOCUMENTATION_COMMENTS = YES;
				CLANG_WARN_EMPTY_BODY = YES;
				CLANG_WARN_ENUM_CONVERSION = YES;
				CLANG_WARN_INFINITE_RECURSION = YES;
				CLANG_WARN_INT_CONVERSION = YES;
				CLANG_WARN_NON_LITERAL_NULL_CONVERSION = YES;
				CLANG_WARN_OBJC_LITERAL_CONVERSION = YES;
				CLANG_WARN_OBJC_ROOT_CLASS = YES_ERROR;
				CLANG_WARN_RANGE_LOOP_ANALYSIS = YES;
				CLANG_WARN_STRICT_PROTOTYPES = YES;
				CLANG_WARN_SUSPICIOUS_MOVE = YES;
				CLANG_WARN_UNGUARDED_AVAILABILITY = YES_AGGRESSIVE;
				CLANG_WARN_UNREACHABLE_CODE = YES;
				CLANG_WARN__DUPLICATE_METHOD_MATCH = YES;
				CODE_SIGN_IDENTITY = "iPhone Developer";
				COPY_PHASE_STRIP = NO;
				DEBUG_INFORMATION_FORMAT = dwarf;
				ENABLE_STRICT_OBJC_MSGSEND = YES;
				ENABLE_TESTABILITY = YES;
				GCC_C_LANGUAGE_STANDARD = gnu11;
				GCC_DYNAMIC_NO_PIC = NO;
				GCC_NO_COMMON_BLOCKS = YES;
				GCC_OPTIMIZATION_LEVEL = 0;
				GCC_PREPROCESSOR_DEFINITIONS = (
					"DEBUG=1",
					"$(inherited)",
				);
				GCC_WARN_64_TO_32_BIT_CONVERSION = YES;
				GCC_WARN_ABOUT_RETURN_TYPE = YES_ERROR;
				GCC_WARN_UNDECLARED_SELECTOR = YES;
				GCC_WARN_UNINITIALIZED_AUTOS = YES_AGGRESSIVE;
				GCC_WARN_UNUSED_FUNCTION = YES;
				GCC_WARN_UNUSED_VARIABLE = YES;
				IPHONEOS_DEPLOYMENT_TARGET = 11.2;
				MTL_ENABLE_DEBUG_INFO = YES;
				ONLY_ACTIVE_ARCH = YES;
				SDKROOT = iphoneos;
				SWIFT_ACTIVE_COMPILATION_CONDITIONS = DEBUG;
				SWIFT_OPTIMIZATION_LEVEL = "-Onone";
			};
			name = Debug;
		};
		49CC4135204581C6000C1059 /* Release */ = {
			isa = XCBuildConfiguration;
			buildSettings = {
				ALWAYS_SEARCH_USER_PATHS = NO;
				CLANG_ANALYZER_NONNULL = YES;
				CLANG_ANALYZER_NUMBER_OBJECT_CONVERSION = YES_AGGRESSIVE;
				CLANG_CXX_LANGUAGE_STANDARD = "gnu++14";
				CLANG_CXX_LIBRARY = "libc++";
				CLANG_ENABLE_MODULES = YES;
				CLANG_ENABLE_OBJC_ARC = YES;
				CLANG_WARN_BLOCK_CAPTURE_AUTORELEASING = YES;
				CLANG_WARN_BOOL_CONVERSION = YES;
				CLANG_WARN_COMMA = YES;
				CLANG_WARN_CONSTANT_CONVERSION = YES;
				CLANG_WARN_DIRECT_OBJC_ISA_USAGE = YES_ERROR;
				CLANG_WARN_DOCUMENTATION_COMMENTS = YES;
				CLANG_WARN_EMPTY_BODY = YES;
				CLANG_WARN_ENUM_CONVERSION = YES;
				CLANG_WARN_INFINITE_RECURSION = YES;
				CLANG_WARN_INT_CONVERSION = YES;
				CLANG_WARN_NON_LITERAL_NULL_CONVERSION = YES;
				CLANG_WARN_OBJC_LITERAL_CONVERSION = YES;
				CLANG_WARN_OBJC_ROOT_CLASS = YES_ERROR;
				CLANG_WARN_RANGE_LOOP_ANALYSIS = YES;
				CLANG_WARN_STRICT_PROTOTYPES = YES;
				CLANG_WARN_SUSPICIOUS_MOVE = YES;
				CLANG_WARN_UNGUARDED_AVAILABILITY = YES_AGGRESSIVE;
				CLANG_WARN_UNREACHABLE_CODE = YES;
				CLANG_WARN__DUPLICATE_METHOD_MATCH = YES;
				CODE_SIGN_IDENTITY = "iPhone Developer";
				COPY_PHASE_STRIP = NO;
				DEBUG_INFORMATION_FORMAT = "dwarf-with-dsym";
				ENABLE_NS_ASSERTIONS = NO;
				ENABLE_STRICT_OBJC_MSGSEND = YES;
				GCC_C_LANGUAGE_STANDARD = gnu11;
				GCC_NO_COMMON_BLOCKS = YES;
				GCC_WARN_64_TO_32_BIT_CONVERSION = YES;
				GCC_WARN_ABOUT_RETURN_TYPE = YES_ERROR;
				GCC_WARN_UNDECLARED_SELECTOR = YES;
				GCC_WARN_UNINITIALIZED_AUTOS = YES_AGGRESSIVE;
				GCC_WARN_UNUSED_FUNCTION = YES;
				GCC_WARN_UNUSED_VARIABLE = YES;
				IPHONEOS_DEPLOYMENT_TARGET = 11.2;
				MTL_ENABLE_DEBUG_INFO = NO;
				SDKROOT = iphoneos;
				SWIFT_OPTIMIZATION_LEVEL = "-Owholemodule";
				VALIDATE_PRODUCT = YES;
			};
			name = Release;
		};
		49CC4137204581C6000C1059 /* Debug */ = {
			isa = XCBuildConfiguration;
			buildSettings = {
				ASSETCATALOG_COMPILER_APPICON_NAME = AppIcon;
				CODE_SIGN_STYLE = Automatic;
				DEVELOPMENT_TEAM = 24FK69Q6J8;
				INFOPLIST_FILE = AddressLookupMultiView/Info.plist;
				LD_RUNPATH_SEARCH_PATHS = "$(inherited) @executable_path/Frameworks";
				PRODUCT_BUNDLE_IDENTIFIER = stephenkeable.AddressLookupMultiView;
				PRODUCT_NAME = "$(TARGET_NAME)";
				SWIFT_VERSION = 4.0;
				TARGETED_DEVICE_FAMILY = "1,2";
			};
			name = Debug;
		};
		49CC4138204581C6000C1059 /* Release */ = {
			isa = XCBuildConfiguration;
			buildSettings = {
				ASSETCATALOG_COMPILER_APPICON_NAME = AppIcon;
				CODE_SIGN_STYLE = Automatic;
				DEVELOPMENT_TEAM = 24FK69Q6J8;
				INFOPLIST_FILE = AddressLookupMultiView/Info.plist;
				LD_RUNPATH_SEARCH_PATHS = "$(inherited) @executable_path/Frameworks";
				PRODUCT_BUNDLE_IDENTIFIER = stephenkeable.AddressLookupMultiView;
				PRODUCT_NAME = "$(TARGET_NAME)";
				SWIFT_VERSION = 4.0;
				TARGETED_DEVICE_FAMILY = "1,2";
			};
			name = Release;
		};
		49CC413A204581C6000C1059 /* Debug */ = {
			isa = XCBuildConfiguration;
			buildSettings = {
				ALWAYS_EMBED_SWIFT_STANDARD_LIBRARIES = YES;
				BUNDLE_LOADER = "$(TEST_HOST)";
				CODE_SIGN_STYLE = Automatic;
				DEVELOPMENT_TEAM = 24FK69Q6J8;
				INFOPLIST_FILE = AddressLookupMultiViewTests/Info.plist;
				LD_RUNPATH_SEARCH_PATHS = "$(inherited) @executable_path/Frameworks @loader_path/Frameworks";
				PRODUCT_BUNDLE_IDENTIFIER = stephenkeable.AddressLookupMultiViewTests;
				PRODUCT_NAME = "$(TARGET_NAME)";
				SWIFT_VERSION = 4.0;
				TARGETED_DEVICE_FAMILY = "1,2";
				TEST_HOST = "$(BUILT_PRODUCTS_DIR)/AddressLookupMultiView.app/AddressLookupMultiView";
			};
			name = Debug;
		};
		49CC413B204581C6000C1059 /* Release */ = {
			isa = XCBuildConfiguration;
			buildSettings = {
				ALWAYS_EMBED_SWIFT_STANDARD_LIBRARIES = YES;
				BUNDLE_LOADER = "$(TEST_HOST)";
				CODE_SIGN_STYLE = Automatic;
				DEVELOPMENT_TEAM = 24FK69Q6J8;
				INFOPLIST_FILE = AddressLookupMultiViewTests/Info.plist;
				LD_RUNPATH_SEARCH_PATHS = "$(inherited) @executable_path/Frameworks @loader_path/Frameworks";
				PRODUCT_BUNDLE_IDENTIFIER = stephenkeable.AddressLookupMultiViewTests;
				PRODUCT_NAME = "$(TARGET_NAME)";
				SWIFT_VERSION = 4.0;
				TARGETED_DEVICE_FAMILY = "1,2";
				TEST_HOST = "$(BUILT_PRODUCTS_DIR)/AddressLookupMultiView.app/AddressLookupMultiView";
			};
			name = Release;
		};
		49CC413D204581C6000C1059 /* Debug */ = {
			isa = XCBuildConfiguration;
			buildSettings = {
				ALWAYS_EMBED_SWIFT_STANDARD_LIBRARIES = YES;
				CODE_SIGN_STYLE = Automatic;
				DEVELOPMENT_TEAM = 24FK69Q6J8;
				INFOPLIST_FILE = AddressLookupMultiViewUITests/Info.plist;
				LD_RUNPATH_SEARCH_PATHS = "$(inherited) @executable_path/Frameworks @loader_path/Frameworks";
				PRODUCT_BUNDLE_IDENTIFIER = stephenkeable.AddressLookupMultiViewUITests;
				PRODUCT_NAME = "$(TARGET_NAME)";
				SWIFT_VERSION = 4.0;
				TARGETED_DEVICE_FAMILY = "1,2";
				TEST_TARGET_NAME = AddressLookupMultiView;
			};
			name = Debug;
		};
		49CC413E204581C6000C1059 /* Release */ = {
			isa = XCBuildConfiguration;
			buildSettings = {
				ALWAYS_EMBED_SWIFT_STANDARD_LIBRARIES = YES;
				CODE_SIGN_STYLE = Automatic;
				DEVELOPMENT_TEAM = 24FK69Q6J8;
				INFOPLIST_FILE = AddressLookupMultiViewUITests/Info.plist;
				LD_RUNPATH_SEARCH_PATHS = "$(inherited) @executable_path/Frameworks @loader_path/Frameworks";
				PRODUCT_BUNDLE_IDENTIFIER = stephenkeable.AddressLookupMultiViewUITests;
				PRODUCT_NAME = "$(TARGET_NAME)";
				SWIFT_VERSION = 4.0;
				TARGETED_DEVICE_FAMILY = "1,2";
				TEST_TARGET_NAME = AddressLookupMultiView;
			};
			name = Release;
		};
/* End XCBuildConfiguration section */

/* Begin XCConfigurationList section */
		49CC4109204581C6000C1059 /* Build configuration list for PBXProject "AddressLookupMultiView" */ = {
			isa = XCConfigurationList;
			buildConfigurations = (
				49CC4134204581C6000C1059 /* Debug */,
				49CC4135204581C6000C1059 /* Release */,
			);
			defaultConfigurationIsVisible = 0;
			defaultConfigurationName = Release;
		};
		49CC4136204581C6000C1059 /* Build configuration list for PBXNativeTarget "AddressLookupMultiView" */ = {
			isa = XCConfigurationList;
			buildConfigurations = (
				49CC4137204581C6000C1059 /* Debug */,
				49CC4138204581C6000C1059 /* Release */,
			);
			defaultConfigurationIsVisible = 0;
			defaultConfigurationName = Release;
		};
		49CC4139204581C6000C1059 /* Build configuration list for PBXNativeTarget "AddressLookupMultiViewTests" */ = {
			isa = XCConfigurationList;
			buildConfigurations = (
				49CC413A204581C6000C1059 /* Debug */,
				49CC413B204581C6000C1059 /* Release */,
			);
			defaultConfigurationIsVisible = 0;
			defaultConfigurationName = Release;
		};
		49CC413C204581C6000C1059 /* Build configuration list for PBXNativeTarget "AddressLookupMultiViewUITests" */ = {
			isa = XCConfigurationList;
			buildConfigurations = (
				49CC413D204581C6000C1059 /* Debug */,
				49CC413E204581C6000C1059 /* Release */,
			);
			defaultConfigurationIsVisible = 0;
			defaultConfigurationName = Release;
		};
/* End XCConfigurationList section */
	};
	rootObject = 49CC4106204581C6000C1059 /* Project object */;
}
